
Microsoft Visual Studio Solution File, Format Version 12.00
# Visual Studio 15
VisualStudioVersion = 15.0.28307.779
MinimumVisualStudioVersion = 10.0.40219.1
Project("{8BC9CEB8-8B4A-11D0-8D11-00A0C91BC942}") = "TroubleBowler2", "TroubleBowler2\TroubleBowler2.vcxproj", "{909DD879-ECE7-4552-8A09-AB295E9F8A67}"
EndProject
Global
	GlobalSection(SolutionConfigurationPlatforms) = preSolution
		Debug|x64 = Debug|x64
		Debug|x86 = Debug|x86
		Release|x64 = Release|x64
		Release|x86 = Release|x86
	EndGlobalSection
	GlobalSection(ProjectConfigurationPlatforms) = postSolution
		{909DD879-ECE7-4552-8A09-AB295E9F8A67}.Debug|x64.ActiveCfg = Debug|x64
		{909DD879-ECE7-4552-8A09-AB295E9F8A67}.Debug|x64.Build.0 = Debug|x64
		{909DD879-ECE7-4552-8A09-AB295E9F8A67}.Debug|x86.ActiveCfg = Debug|Win32
		{909DD879-ECE7-4552-8A09-AB295E9F8A67}.Debug|x86.Build.0 = Debug|Win32
		{909DD879-ECE7-4552-8A09-AB295E9F8A67}.Release|x64.ActiveCfg = Release|x64
		{909DD879-ECE7-4552-8A09-AB295E9F8A67}.Release|x64.Build.0 = Release|x64
		{909DD879-ECE7-4552-8A09-AB295E9F8A67}.Release|x86.ActiveCfg = Release|Win32
		{909DD879-ECE7-4552-8A09-AB295E9F8A67}.Release|x86.Build.0 = Release|Win32
	EndGlobalSection
	GlobalSection(SolutionProperties) = preSolution
		HideSolutionNode = FALSE
	EndGlobalSection
	GlobalSection(ExtensibilityGlobals) = postSolution
		SolutionGuid = {C1635552-28D1-4E94-95CB-94D0B3340D55}
	EndGlobalSection
EndGlobal
